
Microsoft Visual Studio Solution File, Format Version 12.00
# Visual Studio 15
VisualStudioVersion = 15.0.27703.2042
MinimumVisualStudioVersion = 10.0.40219.1
Project("{FAE04EC0-301F-11D3-BF4B-00C04F79EFBC}") = "PayUApplication", "PayUApplication\PayUApplication.csproj", "{03EDB05F-3877-420B-8004-1C3916357129}"
EndProject
Global
	GlobalSection(SolutionConfigurationPlatforms) = preSolution
		Debug|Any CPU = Debug|Any CPU
		Release|Any CPU = Release|Any CPU
	EndGlobalSection
	GlobalSection(ProjectConfigurationPlatforms) = postSolution
		{03EDB05F-3877-420B-8004-1C3916357129}.Debug|Any CPU.ActiveCfg = Debug|Any CPU
		{03EDB05F-3877-420B-8004-1C3916357129}.Debug|Any CPU.Build.0 = Debug|Any CPU
		{03EDB05F-3877-420B-8004-1C3916357129}.Debug|Any CPU.Deploy.0 = Debug|Any CPU
		{03EDB05F-3877-420B-8004-1C3916357129}.Release|Any CPU.ActiveCfg = Release|Any CPU
		{03EDB05F-3877-420B-8004-1C3916357129}.Release|Any CPU.Build.0 = Release|Any CPU
		{03EDB05F-3877-420B-8004-1C3916357129}.Release|Any CPU.Deploy.0 = Release|Any CPU
	EndGlobalSection
	GlobalSection(SolutionProperties) = preSolution
		HideSolutionNode = FALSE
	EndGlobalSection
	GlobalSection(ExtensibilityGlobals) = postSolution
		SolutionGuid = {3DBCD34B-7744-4AFE-9CDA-AE73EC5C1440}
	EndGlobalSection
EndGlobal
